
Microsoft Visual Studio Solution File, Format Version 12.00
# Visual Studio 15
VisualStudioVersion = 15.0.27130.2010
MinimumVisualStudioVersion = 10.0.40219.1
Project("{9A19103F-16F7-4668-BE54-9A1E7A4F7556}") = "UnitTestProject1", "UnitTestProject1\UnitTestProject1.csproj", "{6E328034-EFA4-4B3D-A775-16613715A800}"
EndProject
Project("{FAE04EC0-301F-11D3-BF4B-00C04F79EFBC}") = "2DCanvas", "2DCanvas\2DCanvas.csproj", "{7730E4F5-F3B9-4F96-BC2B-AB31196AECBE}"
EndProject
Project("{FAE04EC0-301F-11D3-BF4B-00C04F79EFBC}") = "QuickDraw", "QuckDraw\QuickDraw.csproj", "{893AC42D-4213-45B5-8737-BC7A19121A01}"
EndProject
Project("{FAE04EC0-301F-11D3-BF4B-00C04F79EFBC}") = "SlowDraw", "SlowDraw\SlowDraw.csproj", "{BE1F886A-9899-4ED8-8ED3-B30ECEEE6E89}"
EndProject
Project("{2150E333-8FDC-42A3-9474-1A3956D46DE8}") = "Solution Items", "Solution Items", "{2E71D6C3-8C27-447F-9138-650C8DDC3A27}"
EndProject
Project("{9A19103F-16F7-4668-BE54-9A1E7A4F7556}") = "3dEngine.NetCore", "3DEngine.NetCore\3dEngine.NetCore.csproj", "{4EF057FF-ACCB-4CF1-9298-02E88B58FEC9}"
EndProject
Project("{FAE04EC0-301F-11D3-BF4B-00C04F79EFBC}") = "3DEngine", "3DEngine\3DEngine.csproj", "{ADFED3ED-6C3C-4F21-AF4C-E534C7B9BCFB}"
EndProject
Project("{FAE04EC0-301F-11D3-BF4B-00C04F79EFBC}") = "2DEngine", "2DEngine\2DEngine.csproj", "{39371BA7-E383-4309-B945-44E098076A73}"
EndProject
Project("{FAE04EC0-301F-11D3-BF4B-00C04F79EFBC}") = "2DCanvas.Interfaces", "2DCanvas.Interfaces\2DCanvas.Interfaces.csproj", "{EB4C0A9D-C9EB-43C3-AEFE-310514F56BA1}"
EndProject
Project("{FAE04EC0-301F-11D3-BF4B-00C04F79EFBC}") = "3DView", "3DViewPort\3DView.csproj", "{9CA25C55-064B-48B2-AEA4-BA4439F92397}"
EndProject
Project("{FAE04EC0-301F-11D3-BF4B-00C04F79EFBC}") = "QuickDraw3D", "QuickDraw3D\QuickDraw3D.csproj", "{16F7D93B-A911-473A-97A7-51C90CCA6E67}"
EndProject
Project("{FAE04EC0-301F-11D3-BF4B-00C04F79EFBC}") = "3DEngine.UnitTests", "3DEngine.UnitTests\3DEngine.UnitTests.csproj", "{607708B2-AF6C-4B41-8F0F-A319C5E64655}"
EndProject
Project("{FAE04EC0-301F-11D3-BF4B-00C04F79EFBC}") = "2DCanvas.Data", "2DCanvas.Data\2DCanvas.Data.csproj", "{CF15CCB1-68F7-4776-A396-F8CA4FBED925}"
EndProject
Project("{FAE04EC0-301F-11D3-BF4B-00C04F79EFBC}") = "2DCanvas.Doc", "2DCanvas.Doc\2DCanvas.Doc.csproj", "{618460FF-AEE6-4E9F-BA21-68259EF9C2BE}"
EndProject
Project("{FAE04EC0-301F-11D3-BF4B-00C04F79EFBC}") = "2DEngine.Doc", "2DEngine.Doc\2DEngine.Doc.csproj", "{93D0D53B-EADD-4396-8548-6FAE4FB1253D}"
EndProject
Global
	GlobalSection(SolutionConfigurationPlatforms) = preSolution
		Debug|Any CPU = Debug|Any CPU
		Release|Any CPU = Release|Any CPU
	EndGlobalSection
	GlobalSection(ProjectConfigurationPlatforms) = postSolution
		{6E328034-EFA4-4B3D-A775-16613715A800}.Debug|Any CPU.ActiveCfg = Debug|Any CPU
		{6E328034-EFA4-4B3D-A775-16613715A800}.Debug|Any CPU.Build.0 = Debug|Any CPU
		{6E328034-EFA4-4B3D-A775-16613715A800}.Release|Any CPU.ActiveCfg = Release|Any CPU
		{6E328034-EFA4-4B3D-A775-16613715A800}.Release|Any CPU.Build.0 = Release|Any CPU
		{7730E4F5-F3B9-4F96-BC2B-AB31196AECBE}.Debug|Any CPU.ActiveCfg = Debug|Any CPU
		{7730E4F5-F3B9-4F96-BC2B-AB31196AECBE}.Debug|Any CPU.Build.0 = Debug|Any CPU
		{7730E4F5-F3B9-4F96-BC2B-AB31196AECBE}.Release|Any CPU.ActiveCfg = Release|Any CPU
		{7730E4F5-F3B9-4F96-BC2B-AB31196AECBE}.Release|Any CPU.Build.0 = Release|Any CPU
		{893AC42D-4213-45B5-8737-BC7A19121A01}.Debug|Any CPU.ActiveCfg = Debug|Any CPU
		{893AC42D-4213-45B5-8737-BC7A19121A01}.Debug|Any CPU.Build.0 = Debug|Any CPU
		{893AC42D-4213-45B5-8737-BC7A19121A01}.Release|Any CPU.ActiveCfg = Release|Any CPU
		{893AC42D-4213-45B5-8737-BC7A19121A01}.Release|Any CPU.Build.0 = Release|Any CPU
		{BE1F886A-9899-4ED8-8ED3-B30ECEEE6E89}.Debug|Any CPU.ActiveCfg = Debug|Any CPU
		{BE1F886A-9899-4ED8-8ED3-B30ECEEE6E89}.Debug|Any CPU.Build.0 = Debug|Any CPU
		{BE1F886A-9899-4ED8-8ED3-B30ECEEE6E89}.Release|Any CPU.ActiveCfg = Release|Any CPU
		{BE1F886A-9899-4ED8-8ED3-B30ECEEE6E89}.Release|Any CPU.Build.0 = Release|Any CPU
		{4EF057FF-ACCB-4CF1-9298-02E88B58FEC9}.Debug|Any CPU.ActiveCfg = Debug|Any CPU
		{4EF057FF-ACCB-4CF1-9298-02E88B58FEC9}.Debug|Any CPU.Build.0 = Debug|Any CPU
		{4EF057FF-ACCB-4CF1-9298-02E88B58FEC9}.Release|Any CPU.ActiveCfg = Release|Any CPU
		{4EF057FF-ACCB-4CF1-9298-02E88B58FEC9}.Release|Any CPU.Build.0 = Release|Any CPU
		{ADFED3ED-6C3C-4F21-AF4C-E534C7B9BCFB}.Debug|Any CPU.ActiveCfg = Debug|Any CPU
		{ADFED3ED-6C3C-4F21-AF4C-E534C7B9BCFB}.Debug|Any CPU.Build.0 = Debug|Any CPU
		{ADFED3ED-6C3C-4F21-AF4C-E534C7B9BCFB}.Release|Any CPU.ActiveCfg = Release|Any CPU
		{ADFED3ED-6C3C-4F21-AF4C-E534C7B9BCFB}.Release|Any CPU.Build.0 = Release|Any CPU
		{39371BA7-E383-4309-B945-44E098076A73}.Debug|Any CPU.ActiveCfg = Debug|Any CPU
		{39371BA7-E383-4309-B945-44E098076A73}.Debug|Any CPU.Build.0 = Debug|Any CPU
		{39371BA7-E383-4309-B945-44E098076A73}.Release|Any CPU.ActiveCfg = Release|Any CPU
		{39371BA7-E383-4309-B945-44E098076A73}.Release|Any CPU.Build.0 = Release|Any CPU
		{EB4C0A9D-C9EB-43C3-AEFE-310514F56BA1}.Debug|Any CPU.ActiveCfg = Debug|Any CPU
		{EB4C0A9D-C9EB-43C3-AEFE-310514F56BA1}.Debug|Any CPU.Build.0 = Debug|Any CPU
		{EB4C0A9D-C9EB-43C3-AEFE-310514F56BA1}.Release|Any CPU.ActiveCfg = Release|Any CPU
		{EB4C0A9D-C9EB-43C3-AEFE-310514F56BA1}.Release|Any CPU.Build.0 = Release|Any CPU
		{9CA25C55-064B-48B2-AEA4-BA4439F92397}.Debug|Any CPU.ActiveCfg = Debug|Any CPU
		{9CA25C55-064B-48B2-AEA4-BA4439F92397}.Debug|Any CPU.Build.0 = Debug|Any CPU
		{9CA25C55-064B-48B2-AEA4-BA4439F92397}.Release|Any CPU.ActiveCfg = Release|Any CPU
		{9CA25C55-064B-48B2-AEA4-BA4439F92397}.Release|Any CPU.Build.0 = Release|Any CPU
		{16F7D93B-A911-473A-97A7-51C90CCA6E67}.Debug|Any CPU.ActiveCfg = Debug|Any CPU
		{16F7D93B-A911-473A-97A7-51C90CCA6E67}.Debug|Any CPU.Build.0 = Debug|Any CPU
		{16F7D93B-A911-473A-97A7-51C90CCA6E67}.Release|Any CPU.ActiveCfg = Release|Any CPU
		{16F7D93B-A911-473A-97A7-51C90CCA6E67}.Release|Any CPU.Build.0 = Release|Any CPU
		{607708B2-AF6C-4B41-8F0F-A319C5E64655}.Debug|Any CPU.ActiveCfg = Debug|Any CPU
		{607708B2-AF6C-4B41-8F0F-A319C5E64655}.Debug|Any CPU.Build.0 = Debug|Any CPU
		{607708B2-AF6C-4B41-8F0F-A319C5E64655}.Release|Any CPU.ActiveCfg = Release|Any CPU
		{607708B2-AF6C-4B41-8F0F-A319C5E64655}.Release|Any CPU.Build.0 = Release|Any CPU
		{CF15CCB1-68F7-4776-A396-F8CA4FBED925}.Debug|Any CPU.ActiveCfg = Debug|Any CPU
		{CF15CCB1-68F7-4776-A396-F8CA4FBED925}.Debug|Any CPU.Build.0 = Debug|Any CPU
		{CF15CCB1-68F7-4776-A396-F8CA4FBED925}.Release|Any CPU.ActiveCfg = Release|Any CPU
		{CF15CCB1-68F7-4776-A396-F8CA4FBED925}.Release|Any CPU.Build.0 = Release|Any CPU
		{618460FF-AEE6-4E9F-BA21-68259EF9C2BE}.Debug|Any CPU.ActiveCfg = Debug|Any CPU
		{618460FF-AEE6-4E9F-BA21-68259EF9C2BE}.Debug|Any CPU.Build.0 = Debug|Any CPU
		{618460FF-AEE6-4E9F-BA21-68259EF9C2BE}.Release|Any CPU.ActiveCfg = Release|Any CPU
		{618460FF-AEE6-4E9F-BA21-68259EF9C2BE}.Release|Any CPU.Build.0 = Release|Any CPU
		{93D0D53B-EADD-4396-8548-6FAE4FB1253D}.Debug|Any CPU.ActiveCfg = Debug|Any CPU
		{93D0D53B-EADD-4396-8548-6FAE4FB1253D}.Debug|Any CPU.Build.0 = Debug|Any CPU
		{93D0D53B-EADD-4396-8548-6FAE4FB1253D}.Release|Any CPU.ActiveCfg = Release|Any CPU
		{93D0D53B-EADD-4396-8548-6FAE4FB1253D}.Release|Any CPU.Build.0 = Release|Any CPU
	EndGlobalSection
	GlobalSection(SolutionProperties) = preSolution
		HideSolutionNode = FALSE
	EndGlobalSection
	GlobalSection(ExtensibilityGlobals) = postSolution
		SolutionGuid = {08441134-80B0-44A1-BB78-5D4F8E1CF91B}
	EndGlobalSection
EndGlobal
